
Microsoft Visual Studio Solution File, Format Version 12.00
# Visual Studio Version 17
VisualStudioVersion = 17.14.36623.8 d17.14
MinimumVisualStudioVersion = 10.0.40219.1
Project("{FAE04EC0-301F-11D3-BF4B-00C04F79EFBC}") = "GambleBusiness", "GambleBusiness\GambleBusiness.csproj", "{2A016D5F-6656-4DC3-8368-D3224899FF5E}"
EndProject
Project("{FAE04EC0-301F-11D3-BF4B-00C04F79EFBC}") = "DataAccessGamble", "DataAccessGamble\DataAccessGamble.csproj", "{32E1FB84-E64F-4704-BDE1-C32E91E1D94C}"
EndProject
Project("{FAE04EC0-301F-11D3-BF4B-00C04F79EFBC}") = "PresentationGambleA", "PresentationGambleA\PresentationGambleA.csproj", "{0364BAD6-94D2-476B-9CDF-F3D175EE47B4}"
EndProject
Global
	GlobalSection(SolutionConfigurationPlatforms) = preSolution
		Debug|Any CPU = Debug|Any CPU
		Release|Any CPU = Release|Any CPU
	EndGlobalSection
	GlobalSection(ProjectConfigurationPlatforms) = postSolution
		{2A016D5F-6656-4DC3-8368-D3224899FF5E}.Debug|Any CPU.ActiveCfg = Debug|Any CPU
		{2A016D5F-6656-4DC3-8368-D3224899FF5E}.Debug|Any CPU.Build.0 = Debug|Any CPU
		{2A016D5F-6656-4DC3-8368-D3224899FF5E}.Release|Any CPU.ActiveCfg = Release|Any CPU
		{2A016D5F-6656-4DC3-8368-D3224899FF5E}.Release|Any CPU.Build.0 = Release|Any CPU
		{32E1FB84-E64F-4704-BDE1-C32E91E1D94C}.Debug|Any CPU.ActiveCfg = Debug|Any CPU
		{32E1FB84-E64F-4704-BDE1-C32E91E1D94C}.Debug|Any CPU.Build.0 = Debug|Any CPU
		{32E1FB84-E64F-4704-BDE1-C32E91E1D94C}.Release|Any CPU.ActiveCfg = Release|Any CPU
		{32E1FB84-E64F-4704-BDE1-C32E91E1D94C}.Release|Any CPU.Build.0 = Release|Any CPU
		{0364BAD6-94D2-476B-9CDF-F3D175EE47B4}.Debug|Any CPU.ActiveCfg = Debug|Any CPU
		{0364BAD6-94D2-476B-9CDF-F3D175EE47B4}.Debug|Any CPU.Build.0 = Debug|Any CPU
		{0364BAD6-94D2-476B-9CDF-F3D175EE47B4}.Release|Any CPU.ActiveCfg = Release|Any CPU
		{0364BAD6-94D2-476B-9CDF-F3D175EE47B4}.Release|Any CPU.Build.0 = Release|Any CPU
	EndGlobalSection
	GlobalSection(SolutionProperties) = preSolution
		HideSolutionNode = FALSE
	EndGlobalSection
	GlobalSection(ExtensibilityGlobals) = postSolution
		SolutionGuid = {C1C741A8-EB39-4AC0-844B-75C0E088639D}
	EndGlobalSection
EndGlobal
